# THIS IS AN AUTOGENERATED FILE. DO NOT EDIT THIS FILE DIRECTLY.
# yarn lockfile v1


"@vue/devtools-api@^6.4.5":
  version "6.4.5"
  resolved "https://registry.npmjs.org/@vue/devtools-api/-/devtools-api-6.4.5.tgz"
  integrity sha512-JD5fcdIuFxU4fQyXUu3w2KpAJHzTVdN+p4iOX2lMWSHMOoQdMAcpFLZzm9Z/2nmsoZ1a96QEhZ26e50xLBsgOQ==

"@vue/reactivity@^3.2.45":
  version "3.2.45"
  resolved "https://registry.npmjs.org/@vue/reactivity/-/reactivity-3.2.45.tgz"
  integrity sha512-PRvhCcQcyEVohW0P8iQ7HDcIOXRjZfAsOds3N99X/Dzewy8TVhTCT4uXpAHfoKjVTJRA0O0K+6QNkDIZAxNi3A==
  dependencies:
    "@vue/shared" "3.2.45"

"@vue/shared@3.2.45":
  version "3.2.45"
  resolved "https://registry.npmjs.org/@vue/shared/-/shared-3.2.45.tgz"
  integrity sha512-Ewzq5Yhimg7pSztDV+RH1UDKBzmtqieXQlpTVm2AwraoRL/Rks96mvd8Vgi7Lj+h+TH8dv7mXD3FRZR3TUvbSg==

image-tools@^1.4.0:
  version "1.4.0"
  resolved "https://registry.yarnpkg.com/image-tools/-/image-tools-1.4.0.tgz#66aacbafad677af7f3fd7f32f8fa1e0881b83783"
  integrity sha512-TKtvJ6iUwM0mfaD4keMnk1ENHFC470QEjBfA3IlvKdEOufzvWbjbaoNcoyYq6HlViF8+d5tOS1ooE6j7CHf1lQ==

js-md5@^0.7.3:
  version "0.7.3"
  resolved "https://registry.yarnpkg.com/js-md5/-/js-md5-0.7.3.tgz#b4f2fbb0b327455f598d6727e38ec272cd09c3f2"
  integrity sha512-ZC41vPSTLKGwIRjqDh8DfXoCrdQIyBgspJVPXHBGu4nZlAEvG3nf+jO9avM9RmLiGakg7vz974ms99nEV0tmTQ==

pinia-plugin-unistorage@^0.0.8:
  version "0.0.8"
  resolved "https://registry.npmjs.org/pinia-plugin-unistorage/-/pinia-plugin-unistorage-0.0.8.tgz"
  integrity sha512-8Fu+E2hh9mA++2qLoVDSgeW3Q7js/GQ30V6R+jT78l8CXM/2ifSqJk1eYd2yl0PVRhTMS78VZidQG82wDyMCtA==

pinia@^2.0.27:
  version "2.0.27"
  resolved "https://registry.npmjs.org/pinia/-/pinia-2.0.27.tgz"
  integrity sha512-nOnXP0OFeL8R4WjAHsterU+11vptda643gH02xKNtSCDPiRzVfRYodOLihLDoa0gL1KKuQKV+KOzEgdt3YvqEw==
  dependencies:
    "@vue/devtools-api" "^6.4.5"
    vue-demi "*"

vue-demi@*:
  version "0.13.11"
  resolved "https://registry.npmjs.org/vue-demi/-/vue-demi-0.13.11.tgz"
  integrity sha512-IR8HoEEGM65YY3ZJYAjMlKygDQn25D5ajNFNoKh9RSDMQtlzCxtfQjdQgv9jjK+m3377SsJXY8ysq8kLCZL25A==

vue-jsonp@^2.0.0:
  version "2.0.0"
  resolved "https://registry.npmjs.org/vue-jsonp/-/vue-jsonp-2.0.0.tgz"
  integrity sha512-Mzd9GNeuKP5hHFDWZNMWOsCuMILSkA6jo2l4A02wheFz3qqBzH7aSEFTey1BRCZCLizlaf1EqJ5YUtF392KspA==
